// !$*UTF8*$!
{
	archiveVersion = 1;
	classes = {
	};
	objectVersion = 46;
	objects = {

/* Begin PBXBuildFile section */
		155825681C75885900A96A23 /* AppDelegate.swift in Sources */ = {isa = PBXBuildFile; fileRef = 155825671C75885900A96A23 /* AppDelegate.swift */; };
		1558256A1C75885900A96A23 /* ViewController.swift in Sources */ = {isa = PBXBuildFile; fileRef = 155825691C75885900A96A23 /* ViewController.swift */; };
		1558256D1C75885900A96A23 /* Main.storyboard in Resources */ = {isa = PBXBuildFile; fileRef = 1558256B1C75885900A96A23 /* Main.storyboard */; };
		1558256F1C75885900A96A23 /* Assets.xcassets in Resources */ = {isa = PBXBuildFile; fileRef = 1558256E1C75885900A96A23 /* Assets.xcassets */; };
		155825721C75885900A96A23 /* LaunchScreen.storyboard in Resources */ = {isa = PBXBuildFile; fileRef = 155825701C75885900A96A23 /* LaunchScreen.storyboard */; };
/* End PBXBuildFile section */

/* Begin PBXFileReference section */
		155825641C75885900A96A23 /* VideoBackground.app */ = {isa = PBXFileReference; explicitFileType = wrapper.application; includeInIndex = 0; path = VideoBackground.app; sourceTree = BUILT_PRODUCTS_DIR; };
		155825671C75885900A96A23 /* AppDelegate.swift */ = {isa = PBXFileReference; lastKnownFileType = sourcecode.swift; path = AppDelegate.swift; sourceTree = "<group>"; };
		155825691C75885900A96A23 /* ViewController.swift */ = {isa = PBXFileReference; lastKnownFileType = sourcecode.swift; path = ViewController.swift; sourceTree = "<group>"; };
		1558256C1C75885900A96A23 /* Base */ = {isa = PBXFileReference; lastKnownFileType = file.storyboard; name = Base; path = Base.lproj/Main.storyboard; sourceTree = "<group>"; };
		1558256E1C75885900A96A23 /* Assets.xcassets */ = {isa = PBXFileReference; lastKnownFileType = folder.assetcatalog; path = Assets.xcassets; sourceTree = "<group>"; };
		155825711C75885900A96A23 /* Base */ = {isa = PBXFileReference; lastKnownFileType = file.storyboard; name = Base; path = Base.lproj/LaunchScreen.storyboard; sourceTree = "<group>"; };
		155825731C75885900A96A23 /* Info.plist */ = {isa = PBXFileReference; lastKnownFileType = text.plist.xml; path = Info.plist; sourceTree = "<group>"; };
/* End PBXFileReference section */

/* Begin PBXFrameworksBuildPhase section */
		155825611C75885900A96A23 /* Frameworks */ = {
			isa = PBXFrameworksBuildPhase;
			buildActionMask = 2147483647;
			files = (
			);
			runOnlyForDeploymentPostprocessing = 0;
		};
/* End PBXFrameworksBuildPhase section */

/* Begin PBXGroup section */
		1558255B1C75885900A96A23 = {
			isa = PBXGroup;
			children = (
				155825661C75885900A96A23 /* VideoBackground */,
				155825651C75885900A96A23 /* Products */,
			);
			sourceTree = "<group>";
		};
		155825651C75885900A96A23 /* Products */ = {
			isa = PBXGroup;
			children = (
				155825641C75885900A96A23 /* VideoBackground.app */,
			);
			name = Products;
			sourceTree = "<group>";
		};
		155825661C75885900A96A23 /* VideoBackground */ = {
			isa = PBXGroup;
			children = (
				155825671C75885900A96A23 /* AppDelegate.swift */,
				155825691C75885900A96A23 /* ViewController.swift */,
				1558256B1C75885900A96A23 /* Main.storyboard */,
				1558256E1C75885900A96A23 /* Assets.xcassets */,
				155825701C75885900A96A23 /* LaunchScreen.storyboard */,
				155825731C75885900A96A23 /* Info.plist */,
			);
			path = VideoBackground;
			sourceTree = "<group>";
		};
/* End PBXGroup section */

/* Begin PBXNativeTarget section */
		155825631C75885900A96A23 /* VideoBackground */ = {
			isa = PBXNativeTarget;
			buildConfigurationList = 155825761C75885900A96A23 /* Build configuration list for PBXNativeTarget "VideoBackground" */;
			buildPhases = (
				155825601C75885900A96A23 /* Sources */,
				155825611C75885900A96A23 /* Frameworks */,
				155825621C75885900A96A23 /* Resources */,
			);
			buildRules = (
			);
			dependencies = (
			);
			name = VideoBackground;
			productName = VideoBackground;
			productReference = 155825641C75885900A96A23 /* VideoBackground.app */;
			productType = "com.apple.product-type.application";
		};
/* End PBXNativeTarget section */

/* Begin PBXProject section */
		1558255C1C75885900A96A23 /* Project object */ = {
			isa = PBXProject;
			attributes = {
				LastSwiftUpdateCheck = 0720;
				LastUpgradeCheck = 0720;
				ORGANIZATIONNAME = "Alberto Jauregui";
				TargetAttributes = {
					155825631C75885900A96A23 = {
						CreatedOnToolsVersion = 7.2.1;
					};
				};
			};
			buildConfigurationList = 1558255F1C75885900A96A23 /* Build configuration list for PBXProject "VideoBackground" */;
			compatibilityVersion = "Xcode 3.2";
			developmentRegion = English;
			hasScannedForEncodings = 0;
			knownRegions = (
				en,
				Base,
			);
			mainGroup = 1558255B1C75885900A96A23;
			productRefGroup = 155825651C75885900A96A23 /* Products */;
			projectDirPath = "";
			projectRoot = "";
			targets = (
				155825631C75885900A96A23 /* VideoBackground */,
			);
		};
/* End PBXProject section */

/* Begin PBXResourcesBuildPhase section */
		155825621C75885900A96A23 /* Resources */ = {
			isa = PBXResourcesBuildPhase;
			buildActionMask = 2147483647;
			files = (
				155825721C75885900A96A23 /* LaunchScreen.storyboard in Resources */,
				1558256F1C75885900A96A23 /* Assets.xcassets in Resources */,
				1558256D1C75885900A96A23 /* Main.storyboard in Resources */,
			);
			runOnlyForDeploymentPostprocessing = 0;
		};
/* End PBXResourcesBuildPhase section */

/* Begin PBXSourcesBuildPhase section */
		155825601C75885900A96A23 /* Sources */ = {
			isa = PBXSourcesBuildPhase;
			buildActionMask = 2147483647;
			files = (
				1558256A1C75885900A96A23 /* ViewController.swift in Sources */,
				155825681C75885900A96A23 /* AppDelegate.swift in Sources */,
			);
			runOnlyForDeploymentPostprocessing = 0;
		};
/* End PBXSourcesBuildPhase section */

/* Begin PBXVariantGroup section */
		1558256B1C75885900A96A23 /* Main.storyboard */ = {
			isa = PBXVariantGroup;
			children = (
				1558256C1C75885900A96A23 /* Base */,
			);
			name = Main.storyboard;
			sourceTree = "<group>";
		};
		155825701C75885900A96A23 /* LaunchScreen.storyboard */ = {
			isa = PBXVariantGroup;
			children = (
				155825711C75885900A96A23 /* Base */,
			);
			name = LaunchScreen.storyboard;
			sourceTree = "<group>";
		};
/* End PBXVariantGroup section */

/* Begin XCBuildConfiguration section */
		155825741C75885900A96A23 /* Debug */ = {
			isa = XCBuildConfiguration;
			buildSettings = {
				ALWAYS_SEARCH_USER_PATHS = NO;
				CLANG_CXX_LANGUAGE_STANDARD = "gnu++0x";
				CLANG_CXX_LIBRARY = "libc++";
				CLANG_ENABLE_MODULES = YES;
				CLANG_ENABLE_OBJC_ARC = YES;
				CLANG_WARN_BOOL_CONVERSION = YES;
				CLANG_WARN_CONSTANT_CONVERSION = YES;
				CLANG_WARN_DIRECT_OBJC_ISA_USAGE = YES_ERROR;
				CLANG_WARN_EMPTY_BODY = YES;
				CLANG_WARN_ENUM_CONVERSION = YES;
				CLANG_WARN_INT_CONVERSION = YES;
				CLANG_WARN_OBJC_ROOT_CLASS = YES_ERROR;
				CLANG_WARN_UNREACHABLE_CODE = YES;
				CLANG_WARN__DUPLICATE_METHOD_MATCH = YES;
				"CODE_SIGN_IDENTITY[sdk=iphoneos*]" = "iPhone Developer";
				COPY_PHASE_STRIP = NO;
				DEBUG_INFORMATION_FORMAT = dwarf;
				ENABLE_STRICT_OBJC_MSGSEND = YES;
				ENABLE_TESTABILITY = YES;
				GCC_C_LANGUAGE_STANDARD = gnu99;
				GCC_DYNAMIC_NO_PIC = NO;
				GCC_NO_COMMON_BLOCKS = YES;
				GCC_OPTIMIZATION_LEVEL = 0;
				GCC_PREPROCESSOR_DEFINITIONS = (
					"DEBUG=1",
					"$(inherited)",
				);
				GCC_WARN_64_TO_32_BIT_CONVERSION = YES;
				GCC_WARN_ABOUT_RETURN_TYPE = YES_ERROR;
				GCC_WARN_UNDECLARED_SELECTOR = YES;
				GCC_WARN_UNINITIALIZED_AUTOS = YES_AGGRESSIVE;
				GCC_WARN_UNUSED_FUNCTION = YES;
				GCC_WARN_UNUSED_VARIABLE = YES;
				IPHONEOS_DEPLOYMENT_TARGET = 9.2;
				MTL_ENABLE_DEBUG_INFO = YES;
				ONLY_ACTIVE_ARCH = YES;
				SDKROOT = iphoneos;
				SWIFT_OPTIMIZATION_LEVEL = "-Onone";
			};
			name = Debug;
		};
		155825751C75885900A96A23 /* Release */ = {
			isa = XCBuildConfiguration;
			buildSettings = {
				ALWAYS_SEARCH_USER_PATHS = NO;
				CLANG_CXX_LANGUAGE_STANDARD = "gnu++0x";
				CLANG_CXX_LIBRARY = "libc++";
				CLANG_ENABLE_MODULES = YES;
				CLANG_ENABLE_OBJC_ARC = YES;
				CLANG_WARN_BOOL_CONVERSION = YES;
				CLANG_WARN_CONSTANT_CONVERSION = YES;
				CLANG_WARN_DIRECT_OBJC_ISA_USAGE = YES_ERROR;
				CLANG_WARN_EMPTY_BODY = YES;
				CLANG_WARN_ENUM_CONVERSION = YES;
				CLANG_WARN_INT_CONVERSION = YES;
				CLANG_WARN_OBJC_ROOT_CLASS = YES_ERROR;
				CLANG_WARN_UNREACHABLE_CODE = YES;
				CLANG_WARN__DUPLICATE_METHOD_MATCH = YES;
				"CODE_SIGN_IDENTITY[sdk=iphoneos*]" = "iPhone Developer";
				COPY_PHASE_STRIP = NO;
				DEBUG_INFORMATION_FORMAT = "dwarf-with-dsym";
				ENABLE_NS_ASSERTIONS = NO;
				ENABLE_STRICT_OBJC_MSGSEND = YES;
				GCC_C_LANGUAGE_STANDARD = gnu99;
				GCC_NO_COMMON_BLOCKS = YES;
				GCC_WARN_64_TO_32_BIT_CONVERSION = YES;
				GCC_WARN_ABOUT_RETURN_TYPE = YES_ERROR;
				GCC_WARN_UNDECLARED_SELECTOR = YES;
				GCC_WARN_UNINITIALIZED_AUTOS = YES_AGGRESSIVE;
				GCC_WARN_UNUSED_FUNCTION = YES;
				GCC_WARN_UNUSED_VARIABLE = YES;
				IPHONEOS_DEPLOYMENT_TARGET = 9.2;
				MTL_ENABLE_DEBUG_INFO = NO;
				SDKROOT = iphoneos;
				VALIDATE_PRODUCT = YES;
			};
			name = Release;
		};
		155825771C75885900A96A23 /* Debug */ = {
			isa = XCBuildConfiguration;
			buildSettings = {
				ASSETCATALOG_COMPILER_APPICON_NAME = AppIcon;
				INFOPLIST_FILE = VideoBackground/Info.plist;
				LD_RUNPATH_SEARCH_PATHS = "$(inherited) @executable_path/Frameworks";
				PRODUCT_BUNDLE_IDENTIFIER = com.albertojauregui.VideoBackground;
				PRODUCT_NAME = "$(TARGET_NAME)";
			};
			name = Debug;
		};
		155825781C75885900A96A23 /* Release */ = {
			isa = XCBuildConfiguration;
			buildSettings = {
				ASSETCATALOG_COMPILER_APPICON_NAME = AppIcon;
				INFOPLIST_FILE = VideoBackground/Info.plist;
				LD_RUNPATH_SEARCH_PATHS = "$(inherited) @executable_path/Frameworks";
				PRODUCT_BUNDLE_IDENTIFIER = com.albertojauregui.VideoBackground;
				PRODUCT_NAME = "$(TARGET_NAME)";
			};
			name = Release;
		};
/* End XCBuildConfiguration section */

/* Begin XCConfigurationList section */
		1558255F1C75885900A96A23 /* Build configuration list for PBXProject "VideoBackground" */ = {
			isa = XCConfigurationList;
			buildConfigurations = (
				155825741C75885900A96A23 /* Debug */,
				155825751C75885900A96A23 /* Release */,
			);
			defaultConfigurationIsVisible = 0;
			defaultConfigurationName = Release;
		};
		155825761C75885900A96A23 /* Build configuration list for PBXNativeTarget "VideoBackground" */ = {
			isa = XCConfigurationList;
			buildConfigurations = (
				155825771C75885900A96A23 /* Debug */,
				155825781C75885900A96A23 /* Release */,
			);
			defaultConfigurationIsVisible = 0;
		};
/* End XCConfigurationList section */
	};
	rootObject = 1558255C1C75885900A96A23 /* Project object */;
}
